
Microsoft Visual Studio Solution File, Format Version 12.00
# Visual Studio Version 16
VisualStudioVersion = 16.0.33328.57
MinimumVisualStudioVersion = 10.0.40219.1
Project("{FAE04EC0-301F-11D3-BF4B-00C04F79EFBC}") = "MoodAnalyser", "MoodAnalyser\MoodAnalyser.csproj", "{10384BA4-467A-4B63-A3AF-002447A2C9D8}"
EndProject
Global
	GlobalSection(SolutionConfigurationPlatforms) = preSolution
		Debug|Any CPU = Debug|Any CPU
		Release|Any CPU = Release|Any CPU
	EndGlobalSection
	GlobalSection(ProjectConfigurationPlatforms) = postSolution
		{10384BA4-467A-4B63-A3AF-002447A2C9D8}.Debug|Any CPU.ActiveCfg = Debug|Any CPU
		{10384BA4-467A-4B63-A3AF-002447A2C9D8}.Debug|Any CPU.Build.0 = Debug|Any CPU
		{10384BA4-467A-4B63-A3AF-002447A2C9D8}.Release|Any CPU.ActiveCfg = Release|Any CPU
		{10384BA4-467A-4B63-A3AF-002447A2C9D8}.Release|Any CPU.Build.0 = Release|Any CPU
	EndGlobalSection
	GlobalSection(SolutionProperties) = preSolution
		HideSolutionNode = FALSE
	EndGlobalSection
	GlobalSection(ExtensibilityGlobals) = postSolution
		SolutionGuid = {F6F09C21-A0C7-4565-BA61-EAFB008F3896}
	EndGlobalSection
EndGlobal
